PODS:
  - Flutter (1.0.0)
  - socure (0.0.1):
    - Flutter
    - SocureDocV (= 4.3.0)
  - SocureDocV (4.3.0)

DEPENDENCIES:
  - Flutter (from `Flutter`)
  - socure (from `.symlinks/plugins/socure/ios`)

SPEC REPOS:
  trunk:
    - SocureDocV

EXTERNAL SOURCES:
  Flutter:
    :path: Flutter
  socure:
    :path: ".symlinks/plugins/socure/ios"

SPEC CHECKSUMS:
  Flutter: e0871f40cf51350855a761d2e70bf5af5b9b5de7
  socure: bb12fa59ed1140c5ae2153fb28f39dccf6c95036
  SocureDocV: 879a3452c062c8495ccd7c0a78a8bb971983f13e

PODFILE CHECKSUM: cc1f88378b4bfcf93a6ce00d2c587857c6008d3b

COCOAPODS: 1.14.3
